
Microsoft Visual Studio Solution File, Format Version 12.00
# Visual Studio Version 17
VisualStudioVersion = 17.8.34511.84
MinimumVisualStudioVersion = 10.0.40219.1
Project("{9A19103F-16F7-4668-BE54-9A1E7A4F7556}") = "Dawnsbury.Mods.Feats.Classes.Barbarian.Remastered", "Dawnsbury.Mods.Feats.Classes.Barbarian.Remastered\Dawnsbury.Mods.Feats.Classes.Barbarian.Remastered.csproj", "{F72A4FE0-6678-4F17-92CF-2C457DA6AB10}"
EndProject
Project("{9A19103F-16F7-4668-BE54-9A1E7A4F7556}") = "Dawnsbury.Mods.Items.Firearms", "Dawnsbury.Mods.Items.Firearms\Dawnsbury.Mods.Items.Firearms.csproj", "{B6D899BF-AE96-4AA2-B5FB-BE06A7B3AC0E}"
EndProject
Global
	GlobalSection(SolutionConfigurationPlatforms) = preSolution
		Debug|Any CPU = Debug|Any CPU
		Release|Any CPU = Release|Any CPU
	EndGlobalSection
	GlobalSection(ProjectConfigurationPlatforms) = postSolution
		{F72A4FE0-6678-4F17-92CF-2C457DA6AB10}.Debug|Any CPU.ActiveCfg = Debug|Any CPU
		{F72A4FE0-6678-4F17-92CF-2C457DA6AB10}.Debug|Any CPU.Build.0 = Debug|Any CPU
		{F72A4FE0-6678-4F17-92CF-2C457DA6AB10}.Release|Any CPU.ActiveCfg = Release|Any CPU
		{F72A4FE0-6678-4F17-92CF-2C457DA6AB10}.Release|Any CPU.Build.0 = Release|Any CPU
		{B6D899BF-AE96-4AA2-B5FB-BE06A7B3AC0E}.Debug|Any CPU.ActiveCfg = Debug|Any CPU
		{B6D899BF-AE96-4AA2-B5FB-BE06A7B3AC0E}.Debug|Any CPU.Build.0 = Debug|Any CPU
		{B6D899BF-AE96-4AA2-B5FB-BE06A7B3AC0E}.Release|Any CPU.ActiveCfg = Release|Any CPU
		{B6D899BF-AE96-4AA2-B5FB-BE06A7B3AC0E}.Release|Any CPU.Build.0 = Release|Any CPU
	EndGlobalSection
	GlobalSection(SolutionProperties) = preSolution
		HideSolutionNode = FALSE
	EndGlobalSection
	GlobalSection(ExtensibilityGlobals) = postSolution
		SolutionGuid = {6C763FC8-5179-45EF-BB7E-53372F166D73}
	EndGlobalSection
EndGlobal
