
Microsoft Visual Studio Solution File, Format Version 12.00
# Visual Studio Version 17
VisualStudioVersion = 17.8.34511.84
MinimumVisualStudioVersion = 10.0.40219.1
Project("{9A19103F-16F7-4668-BE54-9A1E7A4F7556}") = "Dawnsbury.Mods.Feats.Classes.Barbarian.Remastered", "Dawnsbury.Mods.Feats.Classes.Barbarian.Remastered\Dawnsbury.Mods.Feats.Classes.Barbarian.Remastered.csproj", "{F72A4FE0-6678-4F17-92CF-2C457DA6AB10}"
EndProject
Project("{9A19103F-16F7-4668-BE54-9A1E7A4F7556}") = "Dawnsbury.Mods.Items.Firearms", "Dawnsbury.Mods.Items.Firearms\Dawnsbury.Mods.Items.Firearms.csproj", "{B6D899BF-AE96-4AA2-B5FB-BE06A7B3AC0E}"
EndProject
Project("{9A19103F-16F7-4668-BE54-9A1E7A4F7556}") = "Dawnsbury.Mods.Feats.Classes.Gunslinger", "Dawnsbury.Mods.Feats.Classes.Gunslinger\Dawnsbury.Mods.Feats.Classes.Gunslinger.csproj", "{5F6E9587-D39E-4BD5-8AE9-0B36B3EEB97E}"
EndProject
Project("{9A19103F-16F7-4668-BE54-9A1E7A4F7556}") = "Dawnsbury.Mods.Feats.Ancestries.Ratfolk", "Dawnsbury.Mods.Feats.Ancestries.Ratfolk\Dawnsbury.Mods.Feats.Ancestries.Ratfolk.csproj", "{B0905984-7DD0-49CA-ACE4-0C14370ED215}"
EndProject
Project("{9A19103F-16F7-4668-BE54-9A1E7A4F7556}") = "Dawnsbury.Mods.Variant.AncestryParagon", "Dawnsbury.Mods.Variant.AncestryParagon\Dawnsbury.Mods.Variant.AncestryParagon.csproj", "{049850E6-2638-49F1-B4B1-31B357FBACB4}"
EndProject
Project("{FAE04EC0-301F-11D3-BF4B-00C04F79EFBC}") = "Dawnsbury.Mods.Feats.Classes.Thaumaturge", "Dawnsbury.Mods.Feats.Classes.Thaumaturge\Dawnsbury.Mods.Feats.Classes.Thaumaturge.csproj", "{23E6FC8C-6667-4C67-A79F-7FB1198D745C}"
EndProject
Project("{FAE04EC0-301F-11D3-BF4B-00C04F79EFBC}") = "Dawnsbury.Mods.Feats.Ancestries.Catfolk", "Dawnsbury.Mods.Feats.Ancestries.Catfolk\Dawnsbury.Mods.Feats.Ancestries.Catfolk.csproj", "{3817FF14-269F-45F5-9597-4C63FE17F87E}"
EndProject
Global
	GlobalSection(SolutionConfigurationPlatforms) = preSolution
		Debug|Any CPU = Debug|Any CPU
		Release|Any CPU = Release|Any CPU
	EndGlobalSection
	GlobalSection(ProjectConfigurationPlatforms) = postSolution
		{F72A4FE0-6678-4F17-92CF-2C457DA6AB10}.Debug|Any CPU.ActiveCfg = Debug|Any CPU
		{F72A4FE0-6678-4F17-92CF-2C457DA6AB10}.Debug|Any CPU.Build.0 = Debug|Any CPU
		{F72A4FE0-6678-4F17-92CF-2C457DA6AB10}.Release|Any CPU.ActiveCfg = Release|Any CPU
		{F72A4FE0-6678-4F17-92CF-2C457DA6AB10}.Release|Any CPU.Build.0 = Release|Any CPU
		{B6D899BF-AE96-4AA2-B5FB-BE06A7B3AC0E}.Debug|Any CPU.ActiveCfg = Debug|Any CPU
		{B6D899BF-AE96-4AA2-B5FB-BE06A7B3AC0E}.Debug|Any CPU.Build.0 = Debug|Any CPU
		{B6D899BF-AE96-4AA2-B5FB-BE06A7B3AC0E}.Release|Any CPU.ActiveCfg = Release|Any CPU
		{B6D899BF-AE96-4AA2-B5FB-BE06A7B3AC0E}.Release|Any CPU.Build.0 = Release|Any CPU
		{5F6E9587-D39E-4BD5-8AE9-0B36B3EEB97E}.Debug|Any CPU.ActiveCfg = Debug|Any CPU
		{5F6E9587-D39E-4BD5-8AE9-0B36B3EEB97E}.Debug|Any CPU.Build.0 = Debug|Any CPU
		{5F6E9587-D39E-4BD5-8AE9-0B36B3EEB97E}.Release|Any CPU.ActiveCfg = Release|Any CPU
		{5F6E9587-D39E-4BD5-8AE9-0B36B3EEB97E}.Release|Any CPU.Build.0 = Release|Any CPU
		{B0905984-7DD0-49CA-ACE4-0C14370ED215}.Debug|Any CPU.ActiveCfg = Debug|Any CPU
		{B0905984-7DD0-49CA-ACE4-0C14370ED215}.Debug|Any CPU.Build.0 = Debug|Any CPU
		{B0905984-7DD0-49CA-ACE4-0C14370ED215}.Release|Any CPU.ActiveCfg = Release|Any CPU
		{B0905984-7DD0-49CA-ACE4-0C14370ED215}.Release|Any CPU.Build.0 = Release|Any CPU
		{049850E6-2638-49F1-B4B1-31B357FBACB4}.Debug|Any CPU.ActiveCfg = Debug|Any CPU
		{049850E6-2638-49F1-B4B1-31B357FBACB4}.Debug|Any CPU.Build.0 = Debug|Any CPU
		{049850E6-2638-49F1-B4B1-31B357FBACB4}.Release|Any CPU.ActiveCfg = Release|Any CPU
		{049850E6-2638-49F1-B4B1-31B357FBACB4}.Release|Any CPU.Build.0 = Release|Any CPU
		{23E6FC8C-6667-4C67-A79F-7FB1198D745C}.Debug|Any CPU.ActiveCfg = Debug|Any CPU
		{23E6FC8C-6667-4C67-A79F-7FB1198D745C}.Debug|Any CPU.Build.0 = Debug|Any CPU
		{23E6FC8C-6667-4C67-A79F-7FB1198D745C}.Release|Any CPU.ActiveCfg = Release|Any CPU
		{23E6FC8C-6667-4C67-A79F-7FB1198D745C}.Release|Any CPU.Build.0 = Release|Any CPU
		{3817FF14-269F-45F5-9597-4C63FE17F87E}.Debug|Any CPU.ActiveCfg = Debug|Any CPU
		{3817FF14-269F-45F5-9597-4C63FE17F87E}.Debug|Any CPU.Build.0 = Debug|Any CPU
		{3817FF14-269F-45F5-9597-4C63FE17F87E}.Release|Any CPU.ActiveCfg = Release|Any CPU
		{3817FF14-269F-45F5-9597-4C63FE17F87E}.Release|Any CPU.Build.0 = Release|Any CPU
	EndGlobalSection
	GlobalSection(SolutionProperties) = preSolution
		HideSolutionNode = FALSE
	EndGlobalSection
	GlobalSection(ExtensibilityGlobals) = postSolution
		SolutionGuid = {6C763FC8-5179-45EF-BB7E-53372F166D73}
	EndGlobalSection
EndGlobal
